
Microsoft Visual Studio Solution File, Format Version 12.00
# Visual Studio Version 17
VisualStudioVersion = 17.0.32112.339
MinimumVisualStudioVersion = 10.0.40219.1
Project("{9A19103F-16F7-4668-BE54-9A1E7A4F7556}") = "LogParserAndReader", "LogParserAndReader\LogParserAndReader.csproj", "{687F61C3-9E6E-40A4-8924-A9F51E8CE2FD}"
EndProject
Project("{9A19103F-16F7-4668-BE54-9A1E7A4F7556}") = "LogParserAndReader.Tests", "LogParserAndReader.Tests\LogParserAndReader.Tests.csproj", "{9AEDF6A3-F5AD-465A-9660-BBF954E0DE0A}"
EndProject
Project("{9A19103F-16F7-4668-BE54-9A1E7A4F7556}") = "SimpleUIElements", "SimpleUIElements\SimpleUIElements.csproj", "{53A50944-1127-4CE5-AC90-0F79C6C007D5}"
EndProject
Project("{FAE04EC0-301F-11D3-BF4B-00C04F79EFBC}") = "SimpleUIElements.Tests", "SimpleUIElements.Tests\SimpleUIElements.Tests.csproj", "{3EAB21EE-9967-4FAD-B9DF-E55E85DBB341}"
EndProject
Global
	GlobalSection(SolutionConfigurationPlatforms) = preSolution
		Debug|Any CPU = Debug|Any CPU
		Release|Any CPU = Release|Any CPU
	EndGlobalSection
	GlobalSection(ProjectConfigurationPlatforms) = postSolution
		{687F61C3-9E6E-40A4-8924-A9F51E8CE2FD}.Debug|Any CPU.ActiveCfg = Debug|Any CPU
		{687F61C3-9E6E-40A4-8924-A9F51E8CE2FD}.Debug|Any CPU.Build.0 = Debug|Any CPU
		{687F61C3-9E6E-40A4-8924-A9F51E8CE2FD}.Release|Any CPU.ActiveCfg = Release|Any CPU
		{687F61C3-9E6E-40A4-8924-A9F51E8CE2FD}.Release|Any CPU.Build.0 = Release|Any CPU
		{9AEDF6A3-F5AD-465A-9660-BBF954E0DE0A}.Debug|Any CPU.ActiveCfg = Debug|Any CPU
		{9AEDF6A3-F5AD-465A-9660-BBF954E0DE0A}.Debug|Any CPU.Build.0 = Debug|Any CPU
		{9AEDF6A3-F5AD-465A-9660-BBF954E0DE0A}.Release|Any CPU.ActiveCfg = Release|Any CPU
		{9AEDF6A3-F5AD-465A-9660-BBF954E0DE0A}.Release|Any CPU.Build.0 = Release|Any CPU
		{53A50944-1127-4CE5-AC90-0F79C6C007D5}.Debug|Any CPU.ActiveCfg = Debug|Any CPU
		{53A50944-1127-4CE5-AC90-0F79C6C007D5}.Debug|Any CPU.Build.0 = Debug|Any CPU
		{53A50944-1127-4CE5-AC90-0F79C6C007D5}.Release|Any CPU.ActiveCfg = Release|Any CPU
		{53A50944-1127-4CE5-AC90-0F79C6C007D5}.Release|Any CPU.Build.0 = Release|Any CPU
		{3EAB21EE-9967-4FAD-B9DF-E55E85DBB341}.Debug|Any CPU.ActiveCfg = Debug|Any CPU
		{3EAB21EE-9967-4FAD-B9DF-E55E85DBB341}.Debug|Any CPU.Build.0 = Debug|Any CPU
		{3EAB21EE-9967-4FAD-B9DF-E55E85DBB341}.Release|Any CPU.ActiveCfg = Release|Any CPU
		{3EAB21EE-9967-4FAD-B9DF-E55E85DBB341}.Release|Any CPU.Build.0 = Release|Any CPU
	EndGlobalSection
	GlobalSection(SolutionProperties) = preSolution
		HideSolutionNode = FALSE
	EndGlobalSection
	GlobalSection(ExtensibilityGlobals) = postSolution
		SolutionGuid = {0AC7F74A-4951-4C02-9C44-003492C052CE}
	EndGlobalSection
EndGlobal
